# This file is automatically @generated by Cargo.
# It is not intended for manual editing.
version = 3

[[package]]
name = "cc"
version = "1.0.73"
source = "registry+https://github.com/rust-lang/crates.io-index"
checksum = "2fff2a6927b3bb87f9595d67196a70493f627687a71d87a0d692242c33f58c11"

[[package]]
name = "dfp-number"
version = "0.0.7"
dependencies = [
 "dfp-number-sys",
]

[[package]]
name = "dfp-number-sys"
version = "0.0.10"
source = "registry+https://github.com/rust-lang/crates.io-index"
checksum = "b7d1ab8ff01c1567be6eef96a63b1d4b8cdf2afd8da216cfd64bf821423c1b09"
dependencies = [
 "cc",
 "libc",
]

[[package]]
name = "libc"
version = "0.2.137"
source = "registry+https://github.com/rust-lang/crates.io-index"
checksum = "fc7fcc620a3bff7cdd7a365be3376c97191aeaccc2a603e600951e452615bf89"
